// !$*UTF8*$!
{
	archiveVersion = 1;
	classes = {
	};
	objectVersion = 50;
	objects = {

/* Begin PBXBuildFile section */
		2D44EEA72607925D00A29E48 /* healthKitConnectorApp.swift in Sources */ = {isa = PBXBuildFile; fileRef = 2D44EEA62607925D00A29E48 /* healthKitConnectorApp.swift */; };
		2D44EEAB2607925D00A29E48 /* Assets.xcassets in Resources */ = {isa = PBXBuildFile; fileRef = 2D44EEAA2607925D00A29E48 /* Assets.xcassets */; };
		2D44EEAE2607925D00A29E48 /* Preview Assets.xcassets in Resources */ = {isa = PBXBuildFile; fileRef = 2D44EEAD2607925D00A29E48 /* Preview Assets.xcassets */; };
		2D44EEDC260792E900A29E48 /* CloudKit.framework in Frameworks */ = {isa = PBXBuildFile; fileRef = 2D44EEDB260792E900A29E48 /* CloudKit.framework */; };
		2D44EEE826079B7E00A29E48 /* MainView.swift in Sources */ = {isa = PBXBuildFile; fileRef = 2D44EEE726079B7E00A29E48 /* MainView.swift */; };
		2D4E3977261CD41B00C8283E /* HealthKitView.swift in Sources */ = {isa = PBXBuildFile; fileRef = 2D4E3976261CD41B00C8283E /* HealthKitView.swift */; };
		2D4E397E261CD5D300C8283E /* HealthKit.framework in Frameworks */ = {isa = PBXBuildFile; fileRef = 2D4E397D261CD5D300C8283E /* HealthKit.framework */; };
		2D5A8106263DB6D3002899B9 /* peas_QuantityType.swift in Sources */ = {isa = PBXBuildFile; fileRef = 2D5A8105263DB6D3002899B9 /* peas_QuantityType.swift */; };
		2D5B821526230B6600BFFE19 /* ListQuantityTypes.swift in Sources */ = {isa = PBXBuildFile; fileRef = 2D5B821426230B6600BFFE19 /* ListQuantityTypes.swift */; };
		2D5DCB4A274982F60018B73F /* Persistence.swift in Sources */ = {isa = PBXBuildFile; fileRef = 2D5DCB49274982F60018B73F /* Persistence.swift */; };
		2D5DCB552749856A0018B73F /* Aggregation+CoreDataProperties.swift in Sources */ = {isa = PBXBuildFile; fileRef = 2D5DCB4B274985690018B73F /* Aggregation+CoreDataProperties.swift */; };
		2D5DCB562749856A0018B73F /* Quantitytype+CoreDataClass.swift in Sources */ = {isa = PBXBuildFile; fileRef = 2D5DCB4C274985690018B73F /* Quantitytype+CoreDataClass.swift */; };
		2D5DCB572749856A0018B73F /* Log+CoreDataProperties.swift in Sources */ = {isa = PBXBuildFile; fileRef = 2D5DCB4D274985690018B73F /* Log+CoreDataProperties.swift */; };
		2D5DCB582749856A0018B73F /* Aggregation+CoreDataClass.swift in Sources */ = {isa = PBXBuildFile; fileRef = 2D5DCB4E274985690018B73F /* Aggregation+CoreDataClass.swift */; };
		2D5DCB592749856A0018B73F /* Source+CoreDataClass.swift in Sources */ = {isa = PBXBuildFile; fileRef = 2D5DCB4F2749856A0018B73F /* Source+CoreDataClass.swift */; };
		2D5DCB5A2749856A0018B73F /* Source+CoreDataProperties.swift in Sources */ = {isa = PBXBuildFile; fileRef = 2D5DCB502749856A0018B73F /* Source+CoreDataProperties.swift */; };
		2D5DCB5B2749856A0018B73F /* Quantitytype+CoreDataProperties.swift in Sources */ = {isa = PBXBuildFile; fileRef = 2D5DCB512749856A0018B73F /* Quantitytype+CoreDataProperties.swift */; };
		2D5DCB5C2749856A0018B73F /* Log+CoreDataClass.swift in Sources */ = {isa = PBXBuildFile; fileRef = 2D5DCB522749856A0018B73F /* Log+CoreDataClass.swift */; };
		2D5DCB5D2749856A0018B73F /* Device+CoreDataClass.swift in Sources */ = {isa = PBXBuildFile; fileRef = 2D5DCB532749856A0018B73F /* Device+CoreDataClass.swift */; };
		2D5DCB5E2749856A0018B73F /* Device+CoreDataProperties.swift in Sources */ = {isa = PBXBuildFile; fileRef = 2D5DCB542749856A0018B73F /* Device+CoreDataProperties.swift */; };
		2D5DCB62274994170018B73F /* extensions.swift in Sources */ = {isa = PBXBuildFile; fileRef = 2D5DCB61274994170018B73F /* extensions.swift */; };
		2DAA436E26503C760043F2A4 /* peas_QuantityTypes.swift in Sources */ = {isa = PBXBuildFile; fileRef = 2DAA436D26503C750043F2A4 /* peas_QuantityTypes.swift */; };
		2DBA088927778C510020BCC9 /* healthKitConnector.xcdatamodeld in Sources */ = {isa = PBXBuildFile; fileRef = 2DBA088727778C510020BCC9 /* healthKitConnector.xcdatamodeld */; };
		2DBA08A22780E2A00020BCC9 /* StatisticWriter.swift in Sources */ = {isa = PBXBuildFile; fileRef = 2DBA08A12780E29F0020BCC9 /* StatisticWriter.swift */; };
		2DC61A4B2607C15100AF2721 /* ListSourcesView.swift in Sources */ = {isa = PBXBuildFile; fileRef = 2D44EEF12607B1EB00A29E48 /* ListSourcesView.swift */; };
		2DD32AB7260BCE9300B2F22A /* ListLogsView.swift in Sources */ = {isa = PBXBuildFile; fileRef = 2DD32AB6260BCE9300B2F22A /* ListLogsView.swift */; };
/* End PBXBuildFile section */

/* Begin PBXFileReference section */
		2D44EEA32607925D00A29E48 /* healthKitConnector.app */ = {isa = PBXFileReference; explicitFileType = wrapper.application; includeInIndex = 0; path = healthKitConnector.app; sourceTree = BUILT_PRODUCTS_DIR; };
		2D44EEA62607925D00A29E48 /* healthKitConnectorApp.swift */ = {isa = PBXFileReference; lastKnownFileType = sourcecode.swift; path = healthKitConnectorApp.swift; sourceTree = "<group>"; };
		2D44EEAA2607925D00A29E48 /* Assets.xcassets */ = {isa = PBXFileReference; lastKnownFileType = folder.assetcatalog; path = Assets.xcassets; sourceTree = "<group>"; };
		2D44EEAD2607925D00A29E48 /* Preview Assets.xcassets */ = {isa = PBXFileReference; lastKnownFileType = folder.assetcatalog; path = "Preview Assets.xcassets"; sourceTree = "<group>"; };
		2D44EEB42607925D00A29E48 /* Info.plist */ = {isa = PBXFileReference; lastKnownFileType = text.plist.xml; path = Info.plist; sourceTree = "<group>"; };
		2D44EEBD2607925D00A29E48 /* healthKitConnectorTests.swift */ = {isa = PBXFileReference; lastKnownFileType = sourcecode.swift; path = healthKitConnectorTests.swift; sourceTree = "<group>"; };
		2D44EEBF2607925D00A29E48 /* Info.plist */ = {isa = PBXFileReference; lastKnownFileType = text.plist.xml; path = Info.plist; sourceTree = "<group>"; };
		2D44EEC82607925D00A29E48 /* healthKitConnectorUITests.swift */ = {isa = PBXFileReference; lastKnownFileType = sourcecode.swift; path = healthKitConnectorUITests.swift; sourceTree = "<group>"; };
		2D44EECA2607925D00A29E48 /* Info.plist */ = {isa = PBXFileReference; lastKnownFileType = text.plist.xml; path = Info.plist; sourceTree = "<group>"; };
		2D44EED9260792E400A29E48 /* healthKitConnector.entitlements */ = {isa = PBXFileReference; lastKnownFileType = text.plist.entitlements; path = healthKitConnector.entitlements; sourceTree = "<group>"; };
		2D44EEDB260792E900A29E48 /* CloudKit.framework */ = {isa = PBXFileReference; lastKnownFileType = wrapper.framework; name = CloudKit.framework; path = System/Library/Frameworks/CloudKit.framework; sourceTree = SDKROOT; };
		2D44EEE726079B7E00A29E48 /* MainView.swift */ = {isa = PBXFileReference; lastKnownFileType = sourcecode.swift; path = MainView.swift; sourceTree = "<group>"; };
		2D44EEF12607B1EB00A29E48 /* ListSourcesView.swift */ = {isa = PBXFileReference; lastKnownFileType = sourcecode.swift; path = ListSourcesView.swift; sourceTree = "<group>"; };
		2D4E3976261CD41B00C8283E /* HealthKitView.swift */ = {isa = PBXFileReference; lastKnownFileType = sourcecode.swift; path = HealthKitView.swift; sourceTree = "<group>"; };
		2D4E397D261CD5D300C8283E /* HealthKit.framework */ = {isa = PBXFileReference; lastKnownFileType = wrapper.framework; name = HealthKit.framework; path = System/Library/Frameworks/HealthKit.framework; sourceTree = SDKROOT; };
		2D5A8105263DB6D3002899B9 /* peas_QuantityType.swift */ = {isa = PBXFileReference; lastKnownFileType = sourcecode.swift; path = peas_QuantityType.swift; sourceTree = "<group>"; };
		2D5B821426230B6600BFFE19 /* ListQuantityTypes.swift */ = {isa = PBXFileReference; lastKnownFileType = sourcecode.swift; path = ListQuantityTypes.swift; sourceTree = "<group>"; };
		2D5DCB49274982F60018B73F /* Persistence.swift */ = {isa = PBXFileReference; fileEncoding = 4; lastKnownFileType = sourcecode.swift; path = Persistence.swift; sourceTree = "<group>"; };
		2D5DCB4B274985690018B73F /* Aggregation+CoreDataProperties.swift */ = {isa = PBXFileReference; fileEncoding = 4; lastKnownFileType = sourcecode.swift; path = "Aggregation+CoreDataProperties.swift"; sourceTree = "<group>"; };
		2D5DCB4C274985690018B73F /* Quantitytype+CoreDataClass.swift */ = {isa = PBXFileReference; fileEncoding = 4; lastKnownFileType = sourcecode.swift; path = "Quantitytype+CoreDataClass.swift"; sourceTree = "<group>"; };
		2D5DCB4D274985690018B73F /* Log+CoreDataProperties.swift */ = {isa = PBXFileReference; fileEncoding = 4; lastKnownFileType = sourcecode.swift; path = "Log+CoreDataProperties.swift"; sourceTree = "<group>"; };
		2D5DCB4E274985690018B73F /* Aggregation+CoreDataClass.swift */ = {isa = PBXFileReference; fileEncoding = 4; lastKnownFileType = sourcecode.swift; path = "Aggregation+CoreDataClass.swift"; sourceTree = "<group>"; };
		2D5DCB4F2749856A0018B73F /* Source+CoreDataClass.swift */ = {isa = PBXFileReference; fileEncoding = 4; lastKnownFileType = sourcecode.swift; path = "Source+CoreDataClass.swift"; sourceTree = "<group>"; };
		2D5DCB502749856A0018B73F /* Source+CoreDataProperties.swift */ = {isa = PBXFileReference; fileEncoding = 4; lastKnownFileType = sourcecode.swift; path = "Source+CoreDataProperties.swift"; sourceTree = "<group>"; };
		2D5DCB512749856A0018B73F /* Quantitytype+CoreDataProperties.swift */ = {isa = PBXFileReference; fileEncoding = 4; lastKnownFileType = sourcecode.swift; path = "Quantitytype+CoreDataProperties.swift"; sourceTree = "<group>"; };
		2D5DCB522749856A0018B73F /* Log+CoreDataClass.swift */ = {isa = PBXFileReference; fileEncoding = 4; lastKnownFileType = sourcecode.swift; path = "Log+CoreDataClass.swift"; sourceTree = "<group>"; };
		2D5DCB532749856A0018B73F /* Device+CoreDataClass.swift */ = {isa = PBXFileReference; fileEncoding = 4; lastKnownFileType = sourcecode.swift; path = "Device+CoreDataClass.swift"; sourceTree = "<group>"; };
		2D5DCB542749856A0018B73F /* Device+CoreDataProperties.swift */ = {isa = PBXFileReference; fileEncoding = 4; lastKnownFileType = sourcecode.swift; path = "Device+CoreDataProperties.swift"; sourceTree = "<group>"; };
		2D5DCB61274994170018B73F /* extensions.swift */ = {isa = PBXFileReference; lastKnownFileType = sourcecode.swift; path = extensions.swift; sourceTree = "<group>"; };
		2DAA436D26503C750043F2A4 /* peas_QuantityTypes.swift */ = {isa = PBXFileReference; lastKnownFileType = sourcecode.swift; path = peas_QuantityTypes.swift; sourceTree = "<group>"; };
		2DBA088827778C510020BCC9 /* healthKitConnector.xcdatamodel */ = {isa = PBXFileReference; lastKnownFileType = wrapper.xcdatamodel; path = healthKitConnector.xcdatamodel; sourceTree = "<group>"; };
		2DBA08A12780E29F0020BCC9 /* StatisticWriter.swift */ = {isa = PBXFileReference; lastKnownFileType = sourcecode.swift; path = StatisticWriter.swift; sourceTree = "<group>"; };
		2DD32AB6260BCE9300B2F22A /* ListLogsView.swift */ = {isa = PBXFileReference; lastKnownFileType = sourcecode.swift; path = ListLogsView.swift; sourceTree = "<group>"; };
/* End PBXFileReference section */

/* Begin PBXFrameworksBuildPhase section */
		2D44EEA02607925D00A29E48 /* Frameworks */ = {
			isa = PBXFrameworksBuildPhase;
			buildActionMask = 2147483647;
			files = (
				2D44EEDC260792E900A29E48 /* CloudKit.framework in Frameworks */,
				2D4E397E261CD5D300C8283E /* HealthKit.framework in Frameworks */,
			);
			runOnlyForDeploymentPostprocessing = 0;
		};
/* End PBXFrameworksBuildPhase section */

/* Begin PBXGroup section */
		2D44EE9A2607925D00A29E48 = {
			isa = PBXGroup;
			children = (
				2D44EEA52607925D00A29E48 /* healthKitConnector */,
				2D44EEBC2607925D00A29E48 /* healthKitConnectorTests */,
				2D44EEC72607925D00A29E48 /* healthKitConnectorUITests */,
				2D44EEA42607925D00A29E48 /* Products */,
				2D44EEDA260792E900A29E48 /* Frameworks */,
			);
			sourceTree = "<group>";
		};
		2D44EEA42607925D00A29E48 /* Products */ = {
			isa = PBXGroup;
			children = (
				2D44EEA32607925D00A29E48 /* healthKitConnector.app */,
			);
			name = Products;
			sourceTree = "<group>";
		};
		2D44EEA52607925D00A29E48 /* healthKitConnector */ = {
			isa = PBXGroup;
			children = (
				2D5A8109263DB6DB002899B9 /* Classes */,
				2DC61A672607C2AB00AF2721 /* CoreData */,
				2DC61A6B2607C2DE00AF2721 /* Views */,
				2D44EED9260792E400A29E48 /* healthKitConnector.entitlements */,
				2D44EEA62607925D00A29E48 /* healthKitConnectorApp.swift */,
				2D44EEAA2607925D00A29E48 /* Assets.xcassets */,
				2D44EEB42607925D00A29E48 /* Info.plist */,
				2D44EEAC2607925D00A29E48 /* Preview Content */,
			);
			path = healthKitConnector;
			sourceTree = "<group>";
		};
		2D44EEAC2607925D00A29E48 /* Preview Content */ = {
			isa = PBXGroup;
			children = (
				2D44EEAD2607925D00A29E48 /* Preview Assets.xcassets */,
			);
			path = "Preview Content";
			sourceTree = "<group>";
		};
		2D44EEBC2607925D00A29E48 /* healthKitConnectorTests */ = {
			isa = PBXGroup;
			children = (
				2D44EEBD2607925D00A29E48 /* healthKitConnectorTests.swift */,
				2D44EEBF2607925D00A29E48 /* Info.plist */,
			);
			path = healthKitConnectorTests;
			sourceTree = "<group>";
		};
		2D44EEC72607925D00A29E48 /* healthKitConnectorUITests */ = {
			isa = PBXGroup;
			children = (
				2D44EEC82607925D00A29E48 /* healthKitConnectorUITests.swift */,
				2D44EECA2607925D00A29E48 /* Info.plist */,
			);
			path = healthKitConnectorUITests;
			sourceTree = "<group>";
		};
		2D44EEDA260792E900A29E48 /* Frameworks */ = {
			isa = PBXGroup;
			children = (
				2D4E397D261CD5D300C8283E /* HealthKit.framework */,
				2D44EEDB260792E900A29E48 /* CloudKit.framework */,
			);
			name = Frameworks;
			sourceTree = "<group>";
		};
		2D5A8109263DB6DB002899B9 /* Classes */ = {
			isa = PBXGroup;
			children = (
				2D5A8105263DB6D3002899B9 /* peas_QuantityType.swift */,
				2DAA436D26503C750043F2A4 /* peas_QuantityTypes.swift */,
				2DBA08A12780E29F0020BCC9 /* StatisticWriter.swift */,
			);
			path = Classes;
			sourceTree = "<group>";
		};
		2DC61A672607C2AB00AF2721 /* CoreData */ = {
			isa = PBXGroup;
			children = (
				2DBA088727778C510020BCC9 /* healthKitConnector.xcdatamodeld */,
				2D5DCB522749856A0018B73F /* Log+CoreDataClass.swift */,
				2D5DCB4D274985690018B73F /* Log+CoreDataProperties.swift */,
				2D5DCB532749856A0018B73F /* Device+CoreDataClass.swift */,
				2D5DCB542749856A0018B73F /* Device+CoreDataProperties.swift */,
				2D5DCB4E274985690018B73F /* Aggregation+CoreDataClass.swift */,
				2D5DCB4B274985690018B73F /* Aggregation+CoreDataProperties.swift */,
				2D5DCB4C274985690018B73F /* Quantitytype+CoreDataClass.swift */,
				2D5DCB512749856A0018B73F /* Quantitytype+CoreDataProperties.swift */,
				2D5DCB4F2749856A0018B73F /* Source+CoreDataClass.swift */,
				2D5DCB502749856A0018B73F /* Source+CoreDataProperties.swift */,
				2D5DCB49274982F60018B73F /* Persistence.swift */,
				2D5DCB61274994170018B73F /* extensions.swift */,
			);
			path = CoreData;
			sourceTree = "<group>";
		};
		2DC61A6B2607C2DE00AF2721 /* Views */ = {
			isa = PBXGroup;
			children = (
				2D4E3976261CD41B00C8283E /* HealthKitView.swift */,
				2D44EEE726079B7E00A29E48 /* MainView.swift */,
				2D44EEF12607B1EB00A29E48 /* ListSourcesView.swift */,
				2DD32AB6260BCE9300B2F22A /* ListLogsView.swift */,
				2D5B821426230B6600BFFE19 /* ListQuantityTypes.swift */,
			);
			path = Views;
			sourceTree = "<group>";
		};
/* End PBXGroup section */

/* Begin PBXNativeTarget section */
		2D44EEA22607925D00A29E48 /* healthKitConnector */ = {
			isa = PBXNativeTarget;
			buildConfigurationList = 2D44EECD2607925D00A29E48 /* Build configuration list for PBXNativeTarget "healthKitConnector" */;
			buildPhases = (
				2D44EE9F2607925D00A29E48 /* Sources */,
				2D44EEA02607925D00A29E48 /* Frameworks */,
				2D44EEA12607925D00A29E48 /* Resources */,
			);
			buildRules = (
			);
			dependencies = (
			);
			name = healthKitConnector;
			productName = healthKitConnector;
			productReference = 2D44EEA32607925D00A29E48 /* healthKitConnector.app */;
			productType = "com.apple.product-type.application";
		};
/* End PBXNativeTarget section */

/* Begin PBXProject section */
		2D44EE9B2607925D00A29E48 /* Project object */ = {
			isa = PBXProject;
			attributes = {
				LastSwiftUpdateCheck = 1240;
				LastUpgradeCheck = 1240;
				TargetAttributes = {
					2D44EEA22607925D00A29E48 = {
						CreatedOnToolsVersion = 12.4;
					};
				};
			};
			buildConfigurationList = 2D44EE9E2607925D00A29E48 /* Build configuration list for PBXProject "healthKitConnector" */;
			compatibilityVersion = "Xcode 9.3";
			developmentRegion = en;
			hasScannedForEncodings = 0;
			knownRegions = (
				en,
				Base,
			);
			mainGroup = 2D44EE9A2607925D00A29E48;
			productRefGroup = 2D44EEA42607925D00A29E48 /* Products */;
			projectDirPath = "";
			projectRoot = "";
			targets = (
				2D44EEA22607925D00A29E48 /* healthKitConnector */,
			);
		};
/* End PBXProject section */

/* Begin PBXResourcesBuildPhase section */
		2D44EEA12607925D00A29E48 /* Resources */ = {
			isa = PBXResourcesBuildPhase;
			buildActionMask = 2147483647;
			files = (
				2D44EEAE2607925D00A29E48 /* Preview Assets.xcassets in Resources */,
				2D44EEAB2607925D00A29E48 /* Assets.xcassets in Resources */,
			);
			runOnlyForDeploymentPostprocessing = 0;
		};
/* End PBXResourcesBuildPhase section */

/* Begin PBXSourcesBuildPhase section */
		2D44EE9F2607925D00A29E48 /* Sources */ = {
			isa = PBXSourcesBuildPhase;
			buildActionMask = 2147483647;
			files = (
				2D5DCB562749856A0018B73F /* Quantitytype+CoreDataClass.swift in Sources */,
				2DC61A4B2607C15100AF2721 /* ListSourcesView.swift in Sources */,
				2D44EEE826079B7E00A29E48 /* MainView.swift in Sources */,
				2DBA08A22780E2A00020BCC9 /* StatisticWriter.swift in Sources */,
				2D5DCB572749856A0018B73F /* Log+CoreDataProperties.swift in Sources */,
				2D5A8106263DB6D3002899B9 /* peas_QuantityType.swift in Sources */,
				2D5DCB5A2749856A0018B73F /* Source+CoreDataProperties.swift in Sources */,
				2D5DCB582749856A0018B73F /* Aggregation+CoreDataClass.swift in Sources */,
				2D5DCB4A274982F60018B73F /* Persistence.swift in Sources */,
				2DD32AB7260BCE9300B2F22A /* ListLogsView.swift in Sources */,
				2DBA088927778C510020BCC9 /* healthKitConnector.xcdatamodeld in Sources */,
				2D5DCB5C2749856A0018B73F /* Log+CoreDataClass.swift in Sources */,
				2D5DCB5B2749856A0018B73F /* Quantitytype+CoreDataProperties.swift in Sources */,
				2DAA436E26503C760043F2A4 /* peas_QuantityTypes.swift in Sources */,
				2D4E3977261CD41B00C8283E /* HealthKitView.swift in Sources */,
				2D5DCB592749856A0018B73F /* Source+CoreDataClass.swift in Sources */,
				2D5DCB552749856A0018B73F /* Aggregation+CoreDataProperties.swift in Sources */,
				2D44EEA72607925D00A29E48 /* healthKitConnectorApp.swift in Sources */,
				2D5DCB62274994170018B73F /* extensions.swift in Sources */,
				2D5DCB5E2749856A0018B73F /* Device+CoreDataProperties.swift in Sources */,
				2D5DCB5D2749856A0018B73F /* Device+CoreDataClass.swift in Sources */,
				2D5B821526230B6600BFFE19 /* ListQuantityTypes.swift in Sources */,
			);
			runOnlyForDeploymentPostprocessing = 0;
		};
/* End PBXSourcesBuildPhase section */

/* Begin XCBuildConfiguration section */
		2D44EECB2607925D00A29E48 /* Debug */ = {
			isa = XCBuildConfiguration;
			buildSettings = {
				ALWAYS_SEARCH_USER_PATHS = NO;
				CLANG_ANALYZER_NONNULL = YES;
				CLANG_ANALYZER_NUMBER_OBJECT_CONVERSION = YES_AGGRESSIVE;
				CLANG_CXX_LANGUAGE_STANDARD = "gnu++14";
				CLANG_CXX_LIBRARY = "libc++";
				CLANG_ENABLE_MODULES = YES;
				CLANG_ENABLE_OBJC_ARC = YES;
				CLANG_ENABLE_OBJC_WEAK = YES;
				CLANG_WARN_BLOCK_CAPTURE_AUTORELEASING = YES;
				CLANG_WARN_BOOL_CONVERSION = YES;
				CLANG_WARN_COMMA = YES;
				CLANG_WARN_CONSTANT_CONVERSION = YES;
				CLANG_WARN_DEPRECATED_OBJC_IMPLEMENTATIONS = YES;
				CLANG_WARN_DIRECT_OBJC_ISA_USAGE = YES_ERROR;
				CLANG_WARN_DOCUMENTATION_COMMENTS = YES;
				CLANG_WARN_EMPTY_BODY = YES;
				CLANG_WARN_ENUM_CONVERSION = YES;
				CLANG_WARN_INFINITE_RECURSION = YES;
				CLANG_WARN_INT_CONVERSION = YES;
				CLANG_WARN_NON_LITERAL_NULL_CONVERSION = YES;
				CLANG_WARN_OBJC_IMPLICIT_RETAIN_SELF = YES;
				CLANG_WARN_OBJC_LITERAL_CONVERSION = YES;
				CLANG_WARN_OBJC_ROOT_CLASS = YES_ERROR;
				CLANG_WARN_QUOTED_INCLUDE_IN_FRAMEWORK_HEADER = YES;
				CLANG_WARN_RANGE_LOOP_ANALYSIS = YES;
				CLANG_WARN_STRICT_PROTOTYPES = YES;
				CLANG_WARN_SUSPICIOUS_MOVE = YES;
				CLANG_WARN_UNGUARDED_AVAILABILITY = YES_AGGRESSIVE;
				CLANG_WARN_UNREACHABLE_CODE = YES;
				CLANG_WARN__DUPLICATE_METHOD_MATCH = YES;
				COPY_PHASE_STRIP = NO;
				DEBUG_INFORMATION_FORMAT = dwarf;
				ENABLE_STRICT_OBJC_MSGSEND = YES;
				ENABLE_TESTABILITY = YES;
				GCC_C_LANGUAGE_STANDARD = gnu11;
				GCC_DYNAMIC_NO_PIC = NO;
				GCC_NO_COMMON_BLOCKS = YES;
				GCC_OPTIMIZATION_LEVEL = 0;
				GCC_PREPROCESSOR_DEFINITIONS = (
					"DEBUG=1",
					"$(inherited)",
				);
				GCC_WARN_64_TO_32_BIT_CONVERSION = YES;
				GCC_WARN_ABOUT_RETURN_TYPE = YES_ERROR;
				GCC_WARN_UNDECLARED_SELECTOR = YES;
				GCC_WARN_UNINITIALIZED_AUTOS = YES_AGGRESSIVE;
				GCC_WARN_UNUSED_FUNCTION = YES;
				GCC_WARN_UNUSED_VARIABLE = YES;
				IPHONEOS_DEPLOYMENT_TARGET = 14.4;
				MTL_ENABLE_DEBUG_INFO = INCLUDE_SOURCE;
				MTL_FAST_MATH = YES;
				ONLY_ACTIVE_ARCH = YES;
				SDKROOT = iphoneos;
				SWIFT_ACTIVE_COMPILATION_CONDITIONS = DEBUG;
				SWIFT_OPTIMIZATION_LEVEL = "-Onone";
			};
			name = Debug;
		};
		2D44EECC2607925D00A29E48 /* Release */ = {
			isa = XCBuildConfiguration;
			buildSettings = {
				ALWAYS_SEARCH_USER_PATHS = NO;
				CLANG_ANALYZER_NONNULL = YES;
				CLANG_ANALYZER_NUMBER_OBJECT_CONVERSION = YES_AGGRESSIVE;
				CLANG_CXX_LANGUAGE_STANDARD = "gnu++14";
				CLANG_CXX_LIBRARY = "libc++";
				CLANG_ENABLE_MODULES = YES;
				CLANG_ENABLE_OBJC_ARC = YES;
				CLANG_ENABLE_OBJC_WEAK = YES;
				CLANG_WARN_BLOCK_CAPTURE_AUTORELEASING = YES;
				CLANG_WARN_BOOL_CONVERSION = YES;
				CLANG_WARN_COMMA = YES;
				CLANG_WARN_CONSTANT_CONVERSION = YES;
				CLANG_WARN_DEPRECATED_OBJC_IMPLEMENTATIONS = YES;
				CLANG_WARN_DIRECT_OBJC_ISA_USAGE = YES_ERROR;
				CLANG_WARN_DOCUMENTATION_COMMENTS = YES;
				CLANG_WARN_EMPTY_BODY = YES;
				CLANG_WARN_ENUM_CONVERSION = YES;
				CLANG_WARN_INFINITE_RECURSION = YES;
				CLANG_WARN_INT_CONVERSION = YES;
				CLANG_WARN_NON_LITERAL_NULL_CONVERSION = YES;
				CLANG_WARN_OBJC_IMPLICIT_RETAIN_SELF = YES;
				CLANG_WARN_OBJC_LITERAL_CONVERSION = YES;
				CLANG_WARN_OBJC_ROOT_CLASS = YES_ERROR;
				CLANG_WARN_QUOTED_INCLUDE_IN_FRAMEWORK_HEADER = YES;
				CLANG_WARN_RANGE_LOOP_ANALYSIS = YES;
				CLANG_WARN_STRICT_PROTOTYPES = YES;
				CLANG_WARN_SUSPICIOUS_MOVE = YES;
				CLANG_WARN_UNGUARDED_AVAILABILITY = YES_AGGRESSIVE;
				CLANG_WARN_UNREACHABLE_CODE = YES;
				CLANG_WARN__DUPLICATE_METHOD_MATCH = YES;
				COPY_PHASE_STRIP = NO;
				DEBUG_INFORMATION_FORMAT = "dwarf-with-dsym";
				ENABLE_NS_ASSERTIONS = NO;
				ENABLE_STRICT_OBJC_MSGSEND = YES;
				GCC_C_LANGUAGE_STANDARD = gnu11;
				GCC_NO_COMMON_BLOCKS = YES;
				GCC_WARN_64_TO_32_BIT_CONVERSION = YES;
				GCC_WARN_ABOUT_RETURN_TYPE = YES_ERROR;
				GCC_WARN_UNDECLARED_SELECTOR = YES;
				GCC_WARN_UNINITIALIZED_AUTOS = YES_AGGRESSIVE;
				GCC_WARN_UNUSED_FUNCTION = YES;
				GCC_WARN_UNUSED_VARIABLE = YES;
				IPHONEOS_DEPLOYMENT_TARGET = 14.4;
				MTL_ENABLE_DEBUG_INFO = NO;
				MTL_FAST_MATH = YES;
				SDKROOT = iphoneos;
				SWIFT_COMPILATION_MODE = wholemodule;
				SWIFT_OPTIMIZATION_LEVEL = "-O";
				VALIDATE_PRODUCT = YES;
			};
			name = Release;
		};
		2D44EECE2607925D00A29E48 /* Debug */ = {
			isa = XCBuildConfiguration;
			buildSettings = {
				ARCHS = "$(ARCHS_STANDARD)";
				ASSETCATALOG_COMPILER_APPICON_NAME = AppIcon;
				ASSETCATALOG_COMPILER_GLOBAL_ACCENT_COLOR_NAME = AccentColor;
				CODE_SIGN_ENTITLEMENTS = healthKitConnector/healthKitConnector.entitlements;
				CODE_SIGN_STYLE = Automatic;
				DEVELOPMENT_ASSET_PATHS = "\"healthKitConnector/Preview Content\"";
				DEVELOPMENT_TEAM = LSTXQY64N9;
				ENABLE_PREVIEWS = YES;
				INFOPLIST_FILE = healthKitConnector/Info.plist;
				IPHONEOS_DEPLOYMENT_TARGET = 14.0;
				LD_RUNPATH_SEARCH_PATHS = (
					"$(inherited)",
					"@executable_path/Frameworks",
				);
				PRODUCT_BUNDLE_IDENTIFIER = peas.com.healthKitConnector;
				PRODUCT_NAME = "$(TARGET_NAME)";
				SWIFT_VERSION = 5.0;
				TARGETED_DEVICE_FAMILY = "1,2";
			};
			name = Debug;
		};
		2D44EECF2607925D00A29E48 /* Release */ = {
			isa = XCBuildConfiguration;
			buildSettings = {
				ARCHS = "$(ARCHS_STANDARD)";
				ASSETCATALOG_COMPILER_APPICON_NAME = AppIcon;
				ASSETCATALOG_COMPILER_GLOBAL_ACCENT_COLOR_NAME = AccentColor;
				CODE_SIGN_ENTITLEMENTS = healthKitConnector/healthKitConnector.entitlements;
				CODE_SIGN_STYLE = Automatic;
				DEVELOPMENT_ASSET_PATHS = "\"healthKitConnector/Preview Content\"";
				DEVELOPMENT_TEAM = LSTXQY64N9;
				ENABLE_PREVIEWS = YES;
				INFOPLIST_FILE = healthKitConnector/Info.plist;
				IPHONEOS_DEPLOYMENT_TARGET = 14.0;
				LD_RUNPATH_SEARCH_PATHS = (
					"$(inherited)",
					"@executable_path/Frameworks",
				);
				ONLY_ACTIVE_ARCH = YES;
				PRODUCT_BUNDLE_IDENTIFIER = peas.com.healthKitConnector;
				PRODUCT_NAME = "$(TARGET_NAME)";
				SWIFT_VERSION = 5.0;
				TARGETED_DEVICE_FAMILY = "1,2";
			};
			name = Release;
		};
/* End XCBuildConfiguration section */

/* Begin XCConfigurationList section */
		2D44EE9E2607925D00A29E48 /* Build configuration list for PBXProject "healthKitConnector" */ = {
			isa = XCConfigurationList;
			buildConfigurations = (
				2D44EECB2607925D00A29E48 /* Debug */,
				2D44EECC2607925D00A29E48 /* Release */,
			);
			defaultConfigurationIsVisible = 0;
			defaultConfigurationName = Release;
		};
		2D44EECD2607925D00A29E48 /* Build configuration list for PBXNativeTarget "healthKitConnector" */ = {
			isa = XCConfigurationList;
			buildConfigurations = (
				2D44EECE2607925D00A29E48 /* Debug */,
				2D44EECF2607925D00A29E48 /* Release */,
			);
			defaultConfigurationIsVisible = 0;
			defaultConfigurationName = Release;
		};
/* End XCConfigurationList section */

/* Begin XCVersionGroup section */
		2DBA088727778C510020BCC9 /* healthKitConnector.xcdatamodeld */ = {
			isa = XCVersionGroup;
			children = (
				2DBA088827778C510020BCC9 /* healthKitConnector.xcdatamodel */,
			);
			currentVersion = 2DBA088827778C510020BCC9 /* healthKitConnector.xcdatamodel */;
			path = healthKitConnector.xcdatamodeld;
			sourceTree = "<group>";
			versionGroupType = wrapper.xcdatamodel;
		};
/* End XCVersionGroup section */
	};
	rootObject = 2D44EE9B2607925D00A29E48 /* Project object */;
}
